
Microsoft Visual Studio Solution File, Format Version 12.00
# Visual Studio 15
VisualStudioVersion = 15.0.28010.2046
MinimumVisualStudioVersion = 10.0.40219.1
Project("{FAE04EC0-301F-11D3-BF4B-00C04F79EFBC}") = "DeskHubSharp", "DeskHubSharp\DeskHubSharp.csproj", "{BB23F915-21F5-4201-9021-0BE824660DBC}"
EndProject
Global
	GlobalSection(SolutionConfigurationPlatforms) = preSolution
		Debug|Any CPU = Debug|Any CPU
		Release|Any CPU = Release|Any CPU
	EndGlobalSection
	GlobalSection(ProjectConfigurationPlatforms) = postSolution
		{BB23F915-21F5-4201-9021-0BE824660DBC}.Debug|Any CPU.ActiveCfg = Debug|Any CPU
		{BB23F915-21F5-4201-9021-0BE824660DBC}.Debug|Any CPU.Build.0 = Debug|Any CPU
		{BB23F915-21F5-4201-9021-0BE824660DBC}.Release|Any CPU.ActiveCfg = Release|Any CPU
		{BB23F915-21F5-4201-9021-0BE824660DBC}.Release|Any CPU.Build.0 = Release|Any CPU
	EndGlobalSection
	GlobalSection(SolutionProperties) = preSolution
		HideSolutionNode = FALSE
	EndGlobalSection
	GlobalSection(ExtensibilityGlobals) = postSolution
		SolutionGuid = {0C4923D9-38CA-462E-AB22-FB25D936C3BD}
	EndGlobalSection
EndGlobal
